{
  "originHash" : "e152c7cebb27db31107a17100fa00e024f258dc713acdb72a2998ef4394f4382",
  "pins" : [
    {
      "identity" : "wwexpandablecell",
      "kind" : "remoteSourceControl",
      "location" : "https://github.com/William-Weng/WWExpandableCell",
      "state" : {
        "revision" : "c075050cd33f5bde1937b1c3e11836e12561d41d",
        "version" : "1.1.3"
      }
    }
  ],
  "version" : 3
}
