{
  "pins" : [
    {
      "identity" : "wwexpandablecell",
      "kind" : "remoteSourceControl",
      "location" : "https://github.com/William-Weng/WWExpandableCell.git",
      "state" : {
        "revision" : "39e0cc0f11ef9809b27a445cd77827aa89bf2d65",
        "version" : "1.0.0"
      }
    },
    {
      "identity" : "wwprint",
      "kind" : "remoteSourceControl",
      "location" : "https://github.com/William-Weng/WWPrint",
      "state" : {
        "revision" : "edb791ed5e59c0f4044810d21a89102a440e2fbd",
        "version" : "1.2.1"
      }
    }
  ],
  "version" : 2
}
