{
  "originHash" : "e152c7cebb27db31107a17100fa00e024f258dc713acdb72a2998ef4394f4382",
  "pins" : [
    {
      "identity" : "wwexpandablecell",
      "kind" : "remoteSourceControl",
      "location" : "https://github.com/William-Weng/WWExpandableCell",
      "state" : {
        "revision" : "bc772c346701683f68e089921b713cc7d96ae639",
        "version" : "1.2.0"
      }
    }
  ],
  "version" : 3
}
